// !$*UTF8*$!
{
	archiveVersion = 1;
	classes = {
	};
	objectVersion = 46;
	objects = {

/* Begin PBXBuildFile section */
		AB05DB321D931A3100955498 /* DetailView.swift in Sources */ = {isa = PBXBuildFile; fileRef = AB05DB311D931A3100955498 /* DetailView.swift */; };
		AB05DB341D931D0200955498 /* Poppins-Regular.ttf in Resources */ = {isa = PBXBuildFile; fileRef = AB05DB331D931D0200955498 /* Poppins-Regular.ttf */; };
		AB33CCEF1D8C56EA002E4BA4 /* AppDelegate.swift in Sources */ = {isa = PBXBuildFile; fileRef = AB33CCEE1D8C56EA002E4BA4 /* AppDelegate.swift */; };
		AB33CCF41D8C56EA002E4BA4 /* Main.storyboard in Resources */ = {isa = PBXBuildFile; fileRef = AB33CCF21D8C56EA002E4BA4 /* Main.storyboard */; };
		AB33CCF61D8C56EA002E4BA4 /* Assets.xcassets in Resources */ = {isa = PBXBuildFile; fileRef = AB33CCF51D8C56EA002E4BA4 /* Assets.xcassets */; };
		AB33CCF91D8C56EA002E4BA4 /* LaunchScreen.storyboard in Resources */ = {isa = PBXBuildFile; fileRef = AB33CCF71D8C56EA002E4BA4 /* LaunchScreen.storyboard */; };
		AB33CD051D8C5C0B002E4BA4 /* BusinessTableViewController.swift in Sources */ = {isa = PBXBuildFile; fileRef = AB33CD041D8C5C0B002E4BA4 /* BusinessTableViewController.swift */; };
		AB4476781D8C722B005F892B /* BusinessCell.swift in Sources */ = {isa = PBXBuildFile; fileRef = AB4476771D8C722B005F892B /* BusinessCell.swift */; };
		AB868CFD1D947F1E00549948 /* Review.swift in Sources */ = {isa = PBXBuildFile; fileRef = AB868CFC1D947F1E00549948 /* Review.swift */; };
		AB868CFF1D9481D900549948 /* User.swift in Sources */ = {isa = PBXBuildFile; fileRef = AB868CFE1D9481D900549948 /* User.swift */; };
		ABA8237A1D8C9B1300F618D2 /* BusinessDetailsViewController.swift in Sources */ = {isa = PBXBuildFile; fileRef = ABA823791D8C9B1300F618D2 /* BusinessDetailsViewController.swift */; };
		ABA823821D904E6000F618D2 /* CategoryTableViewController.swift in Sources */ = {isa = PBXBuildFile; fileRef = ABA823811D904E6000F618D2 /* CategoryTableViewController.swift */; };
		ABA823841D904E8A00F618D2 /* Yelp.swift in Sources */ = {isa = PBXBuildFile; fileRef = ABA823831D904E8A00F618D2 /* Yelp.swift */; };
		ABA823861D904FF300F618D2 /* ApiKeys.plist in Resources */ = {isa = PBXBuildFile; fileRef = ABA823851D904FF300F618D2 /* ApiKeys.plist */; };
		ABA823881D90514600F618D2 /* ApiKeys.swift in Sources */ = {isa = PBXBuildFile; fileRef = ABA823871D90514600F618D2 /* ApiKeys.swift */; };
		ABA8238D1D905E4300F618D2 /* categories.json in Resources */ = {isa = PBXBuildFile; fileRef = ABA8238C1D905E4300F618D2 /* categories.json */; };
		ABA8238F1D907A3800F618D2 /* Location.swift in Sources */ = {isa = PBXBuildFile; fileRef = ABA8238E1D907A3700F618D2 /* Location.swift */; };
		ABA823921D907A5D00F618D2 /* Category.swift in Sources */ = {isa = PBXBuildFile; fileRef = ABA823911D907A5D00F618D2 /* Category.swift */; };
		ABA823941D907A7600F618D2 /* Coordinates.swift in Sources */ = {isa = PBXBuildFile; fileRef = ABA823931D907A7600F618D2 /* Coordinates.swift */; };
		ABA823961D907A9900F618D2 /* Business.swift in Sources */ = {isa = PBXBuildFile; fileRef = ABA823951D907A9900F618D2 /* Business.swift */; };
		ABA8239A1D90A8F600F618D2 /* CategoryCell.swift in Sources */ = {isa = PBXBuildFile; fileRef = ABA823991D90A8F600F618D2 /* CategoryCell.swift */; };
/* End PBXBuildFile section */

/* Begin PBXFileReference section */
		AB05DB311D931A3100955498 /* DetailView.swift */ = {isa = PBXFileReference; fileEncoding = 4; lastKnownFileType = sourcecode.swift; path = DetailView.swift; sourceTree = "<group>"; };
		AB05DB331D931D0200955498 /* Poppins-Regular.ttf */ = {isa = PBXFileReference; lastKnownFileType = file; path = "Poppins-Regular.ttf"; sourceTree = "<group>"; };
		AB33CCEB1D8C56EA002E4BA4 /* La Dalle.app */ = {isa = PBXFileReference; explicitFileType = wrapper.application; includeInIndex = 0; path = "La Dalle.app"; sourceTree = BUILT_PRODUCTS_DIR; };
		AB33CCEE1D8C56EA002E4BA4 /* AppDelegate.swift */ = {isa = PBXFileReference; lastKnownFileType = sourcecode.swift; path = AppDelegate.swift; sourceTree = "<group>"; };
		AB33CCF31D8C56EA002E4BA4 /* Base */ = {isa = PBXFileReference; lastKnownFileType = file.storyboard; name = Base; path = Base.lproj/Main.storyboard; sourceTree = "<group>"; };
		AB33CCF51D8C56EA002E4BA4 /* Assets.xcassets */ = {isa = PBXFileReference; lastKnownFileType = folder.assetcatalog; path = Assets.xcassets; sourceTree = "<group>"; };
		AB33CCF81D8C56EA002E4BA4 /* Base */ = {isa = PBXFileReference; lastKnownFileType = file.storyboard; name = Base; path = Base.lproj/LaunchScreen.storyboard; sourceTree = "<group>"; };
		AB33CCFA1D8C56EA002E4BA4 /* Info.plist */ = {isa = PBXFileReference; lastKnownFileType = text.plist.xml; path = Info.plist; sourceTree = "<group>"; };
		AB33CD041D8C5C0B002E4BA4 /* BusinessTableViewController.swift */ = {isa = PBXFileReference; fileEncoding = 4; lastKnownFileType = sourcecode.swift; path = BusinessTableViewController.swift; sourceTree = "<group>"; };
		AB4476771D8C722B005F892B /* BusinessCell.swift */ = {isa = PBXFileReference; fileEncoding = 4; lastKnownFileType = sourcecode.swift; path = BusinessCell.swift; sourceTree = "<group>"; };
		AB868CFC1D947F1E00549948 /* Review.swift */ = {isa = PBXFileReference; fileEncoding = 4; lastKnownFileType = sourcecode.swift; path = Review.swift; sourceTree = "<group>"; };
		AB868CFE1D9481D900549948 /* User.swift */ = {isa = PBXFileReference; fileEncoding = 4; lastKnownFileType = sourcecode.swift; path = User.swift; sourceTree = "<group>"; };
		ABA823791D8C9B1300F618D2 /* BusinessDetailsViewController.swift */ = {isa = PBXFileReference; fileEncoding = 4; lastKnownFileType = sourcecode.swift; path = BusinessDetailsViewController.swift; sourceTree = "<group>"; };
		ABA823811D904E6000F618D2 /* CategoryTableViewController.swift */ = {isa = PBXFileReference; fileEncoding = 4; lastKnownFileType = sourcecode.swift; path = CategoryTableViewController.swift; sourceTree = "<group>"; };
		ABA823831D904E8A00F618D2 /* Yelp.swift */ = {isa = PBXFileReference; fileEncoding = 4; lastKnownFileType = sourcecode.swift; path = Yelp.swift; sourceTree = "<group>"; };
		ABA823851D904FF300F618D2 /* ApiKeys.plist */ = {isa = PBXFileReference; fileEncoding = 4; lastKnownFileType = text.plist.xml; path = ApiKeys.plist; sourceTree = "<group>"; };
		ABA823871D90514600F618D2 /* ApiKeys.swift */ = {isa = PBXFileReference; fileEncoding = 4; lastKnownFileType = sourcecode.swift; path = ApiKeys.swift; sourceTree = "<group>"; };
		ABA8238C1D905E4300F618D2 /* categories.json */ = {isa = PBXFileReference; fileEncoding = 4; lastKnownFileType = text.json; path = categories.json; sourceTree = "<group>"; };
		ABA8238E1D907A3700F618D2 /* Location.swift */ = {isa = PBXFileReference; fileEncoding = 4; lastKnownFileType = sourcecode.swift; path = Location.swift; sourceTree = "<group>"; };
		ABA823911D907A5D00F618D2 /* Category.swift */ = {isa = PBXFileReference; fileEncoding = 4; lastKnownFileType = sourcecode.swift; path = Category.swift; sourceTree = "<group>"; };
		ABA823931D907A7600F618D2 /* Coordinates.swift */ = {isa = PBXFileReference; fileEncoding = 4; lastKnownFileType = sourcecode.swift; path = Coordinates.swift; sourceTree = "<group>"; };
		ABA823951D907A9900F618D2 /* Business.swift */ = {isa = PBXFileReference; fileEncoding = 4; lastKnownFileType = sourcecode.swift; path = Business.swift; sourceTree = "<group>"; };
		ABA823991D90A8F600F618D2 /* CategoryCell.swift */ = {isa = PBXFileReference; fileEncoding = 4; lastKnownFileType = sourcecode.swift; path = CategoryCell.swift; sourceTree = "<group>"; };
/* End PBXFileReference section */

/* Begin PBXFrameworksBuildPhase section */
		AB33CCE81D8C56EA002E4BA4 /* Frameworks */ = {
			isa = PBXFrameworksBuildPhase;
			buildActionMask = 2147483647;
			files = (
			);
			runOnlyForDeploymentPostprocessing = 0;
		};
/* End PBXFrameworksBuildPhase section */

/* Begin PBXGroup section */
		AB33CCE21D8C56EA002E4BA4 = {
			isa = PBXGroup;
			children = (
				AB33CCED1D8C56EA002E4BA4 /* LaDalle */,
				AB33CCEC1D8C56EA002E4BA4 /* Products */,
			);
			sourceTree = "<group>";
		};
		AB33CCEC1D8C56EA002E4BA4 /* Products */ = {
			isa = PBXGroup;
			children = (
				AB33CCEB1D8C56EA002E4BA4 /* La Dalle.app */,
			);
			name = Products;
			sourceTree = "<group>";
		};
		AB33CCED1D8C56EA002E4BA4 /* LaDalle */ = {
			isa = PBXGroup;
			children = (
				ABA569C91D932C6900D4E1C8 /* Custom Views */,
				ABA823901D907A4600F618D2 /* Models */,
				ABA823981D90A6B400F618D2 /* Custom Cells */,
				ABA823971D90A69300F618D2 /* View Controllers */,
				ABA823891D905E1900F618D2 /* Resources */,
				AB33CCEE1D8C56EA002E4BA4 /* AppDelegate.swift */,
				AB33CCF21D8C56EA002E4BA4 /* Main.storyboard */,
				AB33CCF51D8C56EA002E4BA4 /* Assets.xcassets */,
				AB33CCF71D8C56EA002E4BA4 /* LaunchScreen.storyboard */,
				AB33CCFA1D8C56EA002E4BA4 /* Info.plist */,
			);
			path = LaDalle;
			sourceTree = "<group>";
		};
		ABA569C91D932C6900D4E1C8 /* Custom Views */ = {
			isa = PBXGroup;
			children = (
				AB05DB311D931A3100955498 /* DetailView.swift */,
			);
			name = "Custom Views";
			sourceTree = "<group>";
		};
		ABA823891D905E1900F618D2 /* Resources */ = {
			isa = PBXGroup;
			children = (
				AB05DB331D931D0200955498 /* Poppins-Regular.ttf */,
				ABA823851D904FF300F618D2 /* ApiKeys.plist */,
				ABA823871D90514600F618D2 /* ApiKeys.swift */,
				ABA8238C1D905E4300F618D2 /* categories.json */,
			);
			name = Resources;
			sourceTree = "<group>";
		};
		ABA823901D907A4600F618D2 /* Models */ = {
			isa = PBXGroup;
			children = (
				ABA823831D904E8A00F618D2 /* Yelp.swift */,
				ABA8238E1D907A3700F618D2 /* Location.swift */,
				ABA823911D907A5D00F618D2 /* Category.swift */,
				ABA823931D907A7600F618D2 /* Coordinates.swift */,
				ABA823951D907A9900F618D2 /* Business.swift */,
				AB868CFC1D947F1E00549948 /* Review.swift */,
				AB868CFE1D9481D900549948 /* User.swift */,
			);
			name = Models;
			sourceTree = "<group>";
		};
		ABA823971D90A69300F618D2 /* View Controllers */ = {
			isa = PBXGroup;
			children = (
				AB33CD041D8C5C0B002E4BA4 /* BusinessTableViewController.swift */,
				ABA823811D904E6000F618D2 /* CategoryTableViewController.swift */,
				ABA823791D8C9B1300F618D2 /* BusinessDetailsViewController.swift */,
			);
			name = "View Controllers";
			sourceTree = "<group>";
		};
		ABA823981D90A6B400F618D2 /* Custom Cells */ = {
			isa = PBXGroup;
			children = (
				AB4476771D8C722B005F892B /* BusinessCell.swift */,
				ABA823991D90A8F600F618D2 /* CategoryCell.swift */,
			);
			name = "Custom Cells";
			sourceTree = "<group>";
		};
/* End PBXGroup section */

/* Begin PBXNativeTarget section */
		AB33CCEA1D8C56EA002E4BA4 /* La Dalle */ = {
			isa = PBXNativeTarget;
			buildConfigurationList = AB33CCFD1D8C56EA002E4BA4 /* Build configuration list for PBXNativeTarget "La Dalle" */;
			buildPhases = (
				AB33CCE71D8C56EA002E4BA4 /* Sources */,
				AB33CCE81D8C56EA002E4BA4 /* Frameworks */,
				AB33CCE91D8C56EA002E4BA4 /* Resources */,
			);
			buildRules = (
			);
			dependencies = (
			);
			name = "La Dalle";
			productName = LaDalle;
			productReference = AB33CCEB1D8C56EA002E4BA4 /* La Dalle.app */;
			productType = "com.apple.product-type.application";
		};
/* End PBXNativeTarget section */

/* Begin PBXProject section */
		AB33CCE31D8C56EA002E4BA4 /* Project object */ = {
			isa = PBXProject;
			attributes = {
				LastSwiftUpdateCheck = 0800;
				LastUpgradeCheck = 0800;
				ORGANIZATIONNAME = "Loris Mazloum";
				TargetAttributes = {
					AB33CCEA1D8C56EA002E4BA4 = {
						CreatedOnToolsVersion = 8.0;
						DevelopmentTeam = H69J6FK3WQ;
						ProvisioningStyle = Automatic;
					};
				};
			};
			buildConfigurationList = AB33CCE61D8C56EA002E4BA4 /* Build configuration list for PBXProject "LaDalle" */;
			compatibilityVersion = "Xcode 3.2";
			developmentRegion = English;
			hasScannedForEncodings = 0;
			knownRegions = (
				en,
				Base,
			);
			mainGroup = AB33CCE21D8C56EA002E4BA4;
			productRefGroup = AB33CCEC1D8C56EA002E4BA4 /* Products */;
			projectDirPath = "";
			projectRoot = "";
			targets = (
				AB33CCEA1D8C56EA002E4BA4 /* La Dalle */,
			);
		};
/* End PBXProject section */

/* Begin PBXResourcesBuildPhase section */
		AB33CCE91D8C56EA002E4BA4 /* Resources */ = {
			isa = PBXResourcesBuildPhase;
			buildActionMask = 2147483647;
			files = (
				AB33CCF91D8C56EA002E4BA4 /* LaunchScreen.storyboard in Resources */,
				ABA823861D904FF300F618D2 /* ApiKeys.plist in Resources */,
				AB33CCF61D8C56EA002E4BA4 /* Assets.xcassets in Resources */,
				AB05DB341D931D0200955498 /* Poppins-Regular.ttf in Resources */,
				ABA8238D1D905E4300F618D2 /* categories.json in Resources */,
				AB33CCF41D8C56EA002E4BA4 /* Main.storyboard in Resources */,
			);
			runOnlyForDeploymentPostprocessing = 0;
		};
/* End PBXResourcesBuildPhase section */

/* Begin PBXSourcesBuildPhase section */
		AB33CCE71D8C56EA002E4BA4 /* Sources */ = {
			isa = PBXSourcesBuildPhase;
			buildActionMask = 2147483647;
			files = (
				ABA823921D907A5D00F618D2 /* Category.swift in Sources */,
				ABA8237A1D8C9B1300F618D2 /* BusinessDetailsViewController.swift in Sources */,
				AB33CD051D8C5C0B002E4BA4 /* BusinessTableViewController.swift in Sources */,
				AB05DB321D931A3100955498 /* DetailView.swift in Sources */,
				AB33CCEF1D8C56EA002E4BA4 /* AppDelegate.swift in Sources */,
				ABA8238F1D907A3800F618D2 /* Location.swift in Sources */,
				AB4476781D8C722B005F892B /* BusinessCell.swift in Sources */,
				ABA823941D907A7600F618D2 /* Coordinates.swift in Sources */,
				AB868CFF1D9481D900549948 /* User.swift in Sources */,
				ABA823821D904E6000F618D2 /* CategoryTableViewController.swift in Sources */,
				AB868CFD1D947F1E00549948 /* Review.swift in Sources */,
				ABA823961D907A9900F618D2 /* Business.swift in Sources */,
				ABA823881D90514600F618D2 /* ApiKeys.swift in Sources */,
				ABA823841D904E8A00F618D2 /* Yelp.swift in Sources */,
				ABA8239A1D90A8F600F618D2 /* CategoryCell.swift in Sources */,
			);
			runOnlyForDeploymentPostprocessing = 0;
		};
/* End PBXSourcesBuildPhase section */

/* Begin PBXVariantGroup section */
		AB33CCF21D8C56EA002E4BA4 /* Main.storyboard */ = {
			isa = PBXVariantGroup;
			children = (
				AB33CCF31D8C56EA002E4BA4 /* Base */,
			);
			name = Main.storyboard;
			sourceTree = "<group>";
		};
		AB33CCF71D8C56EA002E4BA4 /* LaunchScreen.storyboard */ = {
			isa = PBXVariantGroup;
			children = (
				AB33CCF81D8C56EA002E4BA4 /* Base */,
			);
			name = LaunchScreen.storyboard;
			sourceTree = "<group>";
		};
/* End PBXVariantGroup section */

/* Begin XCBuildConfiguration section */
		AB33CCFB1D8C56EA002E4BA4 /* Debug */ = {
			isa = XCBuildConfiguration;
			buildSettings = {
				ALWAYS_SEARCH_USER_PATHS = NO;
				CLANG_ANALYZER_NONNULL = YES;
				CLANG_CXX_LANGUAGE_STANDARD = "gnu++0x";
				CLANG_CXX_LIBRARY = "libc++";
				CLANG_ENABLE_MODULES = YES;
				CLANG_ENABLE_OBJC_ARC = YES;
				CLANG_WARN_BOOL_CONVERSION = YES;
				CLANG_WARN_CONSTANT_CONVERSION = YES;
				CLANG_WARN_DIRECT_OBJC_ISA_USAGE = YES_ERROR;
				CLANG_WARN_DOCUMENTATION_COMMENTS = YES;
				CLANG_WARN_EMPTY_BODY = YES;
				CLANG_WARN_ENUM_CONVERSION = YES;
				CLANG_WARN_INFINITE_RECURSION = YES;
				CLANG_WARN_INT_CONVERSION = YES;
				CLANG_WARN_OBJC_ROOT_CLASS = YES_ERROR;
				CLANG_WARN_SUSPICIOUS_MOVES = YES;
				CLANG_WARN_UNREACHABLE_CODE = YES;
				CLANG_WARN__DUPLICATE_METHOD_MATCH = YES;
				"CODE_SIGN_IDENTITY[sdk=iphoneos*]" = "iPhone Developer";
				COPY_PHASE_STRIP = NO;
				DEBUG_INFORMATION_FORMAT = dwarf;
				ENABLE_STRICT_OBJC_MSGSEND = YES;
				ENABLE_TESTABILITY = YES;
				GCC_C_LANGUAGE_STANDARD = gnu99;
				GCC_DYNAMIC_NO_PIC = NO;
				GCC_NO_COMMON_BLOCKS = YES;
				GCC_OPTIMIZATION_LEVEL = 0;
				GCC_PREPROCESSOR_DEFINITIONS = (
					"DEBUG=1",
					"$(inherited)",
				);
				GCC_WARN_64_TO_32_BIT_CONVERSION = YES;
				GCC_WARN_ABOUT_RETURN_TYPE = YES_ERROR;
				GCC_WARN_UNDECLARED_SELECTOR = YES;
				GCC_WARN_UNINITIALIZED_AUTOS = YES_AGGRESSIVE;
				GCC_WARN_UNUSED_FUNCTION = YES;
				GCC_WARN_UNUSED_VARIABLE = YES;
				IPHONEOS_DEPLOYMENT_TARGET = 10.0;
				MTL_ENABLE_DEBUG_INFO = YES;
				ONLY_ACTIVE_ARCH = YES;
				SDKROOT = iphoneos;
				SWIFT_ACTIVE_COMPILATION_CONDITIONS = DEBUG;
				SWIFT_OPTIMIZATION_LEVEL = "-Onone";
				TARGETED_DEVICE_FAMILY = "1,2";
			};
			name = Debug;
		};
		AB33CCFC1D8C56EA002E4BA4 /* Release */ = {
			isa = XCBuildConfiguration;
			buildSettings = {
				ALWAYS_SEARCH_USER_PATHS = NO;
				CLANG_ANALYZER_NONNULL = YES;
				CLANG_CXX_LANGUAGE_STANDARD = "gnu++0x";
				CLANG_CXX_LIBRARY = "libc++";
				CLANG_ENABLE_MODULES = YES;
				CLANG_ENABLE_OBJC_ARC = YES;
				CLANG_WARN_BOOL_CONVERSION = YES;
				CLANG_WARN_CONSTANT_CONVERSION = YES;
				CLANG_WARN_DIRECT_OBJC_ISA_USAGE = YES_ERROR;
				CLANG_WARN_DOCUMENTATION_COMMENTS = YES;
				CLANG_WARN_EMPTY_BODY = YES;
				CLANG_WARN_ENUM_CONVERSION = YES;
				CLANG_WARN_INFINITE_RECURSION = YES;
				CLANG_WARN_INT_CONVERSION = YES;
				CLANG_WARN_OBJC_ROOT_CLASS = YES_ERROR;
				CLANG_WARN_SUSPICIOUS_MOVES = YES;
				CLANG_WARN_UNREACHABLE_CODE = YES;
				CLANG_WARN__DUPLICATE_METHOD_MATCH = YES;
				"CODE_SIGN_IDENTITY[sdk=iphoneos*]" = "iPhone Developer";
				COPY_PHASE_STRIP = NO;
				DEBUG_INFORMATION_FORMAT = "dwarf-with-dsym";
				ENABLE_NS_ASSERTIONS = NO;
				ENABLE_STRICT_OBJC_MSGSEND = YES;
				GCC_C_LANGUAGE_STANDARD = gnu99;
				GCC_NO_COMMON_BLOCKS = YES;
				GCC_WARN_64_TO_32_BIT_CONVERSION = YES;
				GCC_WARN_ABOUT_RETURN_TYPE = YES_ERROR;
				GCC_WARN_UNDECLARED_SELECTOR = YES;
				GCC_WARN_UNINITIALIZED_AUTOS = YES_AGGRESSIVE;
				GCC_WARN_UNUSED_FUNCTION = YES;
				GCC_WARN_UNUSED_VARIABLE = YES;
				IPHONEOS_DEPLOYMENT_TARGET = 10.0;
				MTL_ENABLE_DEBUG_INFO = NO;
				SDKROOT = iphoneos;
				SWIFT_OPTIMIZATION_LEVEL = "-Owholemodule";
				TARGETED_DEVICE_FAMILY = "1,2";
				VALIDATE_PRODUCT = YES;
			};
			name = Release;
		};
		AB33CCFE1D8C56EA002E4BA4 /* Debug */ = {
			isa = XCBuildConfiguration;
			buildSettings = {
				ASSETCATALOG_COMPILER_APPICON_NAME = AppIcon;
				DEVELOPMENT_TEAM = H69J6FK3WQ;
				INFOPLIST_FILE = LaDalle/Info.plist;
				LD_RUNPATH_SEARCH_PATHS = "$(inherited) @executable_path/Frameworks";
				PRODUCT_BUNDLE_IDENTIFIER = com.mazlabs.LaDalle;
				PRODUCT_NAME = "$(TARGET_NAME)";
				SWIFT_VERSION = 3.0;
			};
			name = Debug;
		};
		AB33CCFF1D8C56EA002E4BA4 /* Release */ = {
			isa = XCBuildConfiguration;
			buildSettings = {
				ASSETCATALOG_COMPILER_APPICON_NAME = AppIcon;
				DEVELOPMENT_TEAM = H69J6FK3WQ;
				INFOPLIST_FILE = LaDalle/Info.plist;
				LD_RUNPATH_SEARCH_PATHS = "$(inherited) @executable_path/Frameworks";
				PRODUCT_BUNDLE_IDENTIFIER = com.mazlabs.LaDalle;
				PRODUCT_NAME = "$(TARGET_NAME)";
				SWIFT_VERSION = 3.0;
			};
			name = Release;
		};
/* End XCBuildConfiguration section */

/* Begin XCConfigurationList section */
		AB33CCE61D8C56EA002E4BA4 /* Build configuration list for PBXProject "LaDalle" */ = {
			isa = XCConfigurationList;
			buildConfigurations = (
				AB33CCFB1D8C56EA002E4BA4 /* Debug */,
				AB33CCFC1D8C56EA002E4BA4 /* Release */,
			);
			defaultConfigurationIsVisible = 0;
			defaultConfigurationName = Release;
		};
		AB33CCFD1D8C56EA002E4BA4 /* Build configuration list for PBXNativeTarget "La Dalle" */ = {
			isa = XCConfigurationList;
			buildConfigurations = (
				AB33CCFE1D8C56EA002E4BA4 /* Debug */,
				AB33CCFF1D8C56EA002E4BA4 /* Release */,
			);
			defaultConfigurationIsVisible = 0;
			defaultConfigurationName = Release;
		};
/* End XCConfigurationList section */
	};
	rootObject = AB33CCE31D8C56EA002E4BA4 /* Project object */;
}
